
Microsoft Visual Studio Solution File, Format Version 12.00
# Visual Studio Version 16
VisualStudioVersion = 16.0.31515.178
MinimumVisualStudioVersion = 10.0.40219.1
Project("{FAE04EC0-301F-11D3-BF4B-00C04F79EFBC}") = "HelloWorld", "HelloWorld\HelloWorld.csproj", "{967DD76C-6E63-41E1-850F-123C4F9C73E7}"
EndProject
Project("{FAE04EC0-301F-11D3-BF4B-00C04F79EFBC}") = "HelloWorldTest", "HelloWorldTest\HelloWorldTest.csproj", "{23786914-A64E-4186-9FC7-4D5321AF2A07}"
EndProject
Global
	GlobalSection(SolutionConfigurationPlatforms) = preSolution
		Debug|Any CPU = Debug|Any CPU
		Release|Any CPU = Release|Any CPU
	EndGlobalSection
	GlobalSection(ProjectConfigurationPlatforms) = postSolution
		{967DD76C-6E63-41E1-850F-123C4F9C73E7}.Debug|Any CPU.ActiveCfg = Debug|Any CPU
		{967DD76C-6E63-41E1-850F-123C4F9C73E7}.Debug|Any CPU.Build.0 = Debug|Any CPU
		{967DD76C-6E63-41E1-850F-123C4F9C73E7}.Release|Any CPU.ActiveCfg = Release|Any CPU
		{967DD76C-6E63-41E1-850F-123C4F9C73E7}.Release|Any CPU.Build.0 = Release|Any CPU
		{23786914-A64E-4186-9FC7-4D5321AF2A07}.Debug|Any CPU.ActiveCfg = Debug|Any CPU
		{23786914-A64E-4186-9FC7-4D5321AF2A07}.Debug|Any CPU.Build.0 = Debug|Any CPU
		{23786914-A64E-4186-9FC7-4D5321AF2A07}.Release|Any CPU.ActiveCfg = Release|Any CPU
		{23786914-A64E-4186-9FC7-4D5321AF2A07}.Release|Any CPU.Build.0 = Release|Any CPU
	EndGlobalSection
	GlobalSection(SolutionProperties) = preSolution
		HideSolutionNode = FALSE
	EndGlobalSection
	GlobalSection(ExtensibilityGlobals) = postSolution
		SolutionGuid = {A4D4290E-BEA1-48A1-91E7-61A040A332F8}
	EndGlobalSection
EndGlobal
